Microsoft Visual Studio Solution File, Format Version 12.00
# Visual Studio Version 17
VisualStudioVersion = 17.5.2.0
MinimumVisualStudioVersion = 10.0.40219.1
Project("{FAE04EC0-301F-11D3-BF4B-00C04F79EFBC}") = "Portal.Api", "Portal.Api.csproj", "{E89D9738-ACF3-34C6-C782-ADCB47F09968}"
EndProject
Global
	GlobalSection(SolutionConfigurationPlatforms) = preSolution
		Debug|Any CPU = Debug|Any CPU
		Release|Any CPU = Release|Any CPU
	EndGlobalSection
	GlobalSection(ProjectConfigurationPlatforms) = postSolution
		{E89D9738-ACF3-34C6-C782-ADCB47F09968}.Debug|Any CPU.ActiveCfg = Debug|Any CPU
		{E89D9738-ACF3-34C6-C782-ADCB47F09968}.Debug|Any CPU.Build.0 = Debug|Any CPU
		{E89D9738-ACF3-34C6-C782-ADCB47F09968}.Release|Any CPU.ActiveCfg = Release|Any CPU
		{E89D9738-ACF3-34C6-C782-ADCB47F09968}.Release|Any CPU.Build.0 = Release|Any CPU
	EndGlobalSection
	GlobalSection(SolutionProperties) = preSolution
		HideSolutionNode = FALSE
	EndGlobalSection
	GlobalSection(ExtensibilityGlobals) = postSolution
		SolutionGuid = {1C0A4B38-1946-487D-8B11-EE5905F44183}
	EndGlobalSection
EndGlobal
